
Microsoft Visual Studio Solution File, Format Version 12.00
# Visual Studio Version 17
VisualStudioVersion = 17.1.32210.238
MinimumVisualStudioVersion = 10.0.40219.1
Project("{FAE04EC0-301F-11D3-BF4B-00C04F79EFBC}") = "Tennishalle", "Tennishalle\Tennishalle.csproj", "{40427508-9F09-4A37-A7D8-3D2756F732F6}"
EndProject
Global
	GlobalSection(SolutionConfigurationPlatforms) = preSolution
		Debug|Any CPU = Debug|Any CPU
		Release|Any CPU = Release|Any CPU
	EndGlobalSection
	GlobalSection(ProjectConfigurationPlatforms) = postSolution
		{40427508-9F09-4A37-A7D8-3D2756F732F6}.Debug|Any CPU.ActiveCfg = Debug|Any CPU
		{40427508-9F09-4A37-A7D8-3D2756F732F6}.Debug|Any CPU.Build.0 = Debug|Any CPU
		{40427508-9F09-4A37-A7D8-3D2756F732F6}.Release|Any CPU.ActiveCfg = Release|Any CPU
		{40427508-9F09-4A37-A7D8-3D2756F732F6}.Release|Any CPU.Build.0 = Release|Any CPU
	EndGlobalSection
	GlobalSection(SolutionProperties) = preSolution
		HideSolutionNode = FALSE
	EndGlobalSection
	GlobalSection(ExtensibilityGlobals) = postSolution
		SolutionGuid = {2B1CE4D4-EDBA-47D1-A970-9B68F53F59D6}
	EndGlobalSection
EndGlobal
