
Microsoft Visual Studio Solution File, Format Version 12.00
# Visual Studio Version 17
VisualStudioVersion = 17.1.32210.238
MinimumVisualStudioVersion = 10.0.40219.1
Project("{FAE04EC0-301F-11D3-BF4B-00C04F79EFBC}") = "Museum", "Museum\Museum.csproj", "{7D37DBD4-8601-4A36-979A-9A8F0FDE8CF3}"
EndProject
Global
	GlobalSection(SolutionConfigurationPlatforms) = preSolution
		Debug|Any CPU = Debug|Any CPU
		Release|Any CPU = Release|Any CPU
	EndGlobalSection
	GlobalSection(ProjectConfigurationPlatforms) = postSolution
		{7D37DBD4-8601-4A36-979A-9A8F0FDE8CF3}.Debug|Any CPU.ActiveCfg = Debug|Any CPU
		{7D37DBD4-8601-4A36-979A-9A8F0FDE8CF3}.Debug|Any CPU.Build.0 = Debug|Any CPU
		{7D37DBD4-8601-4A36-979A-9A8F0FDE8CF3}.Release|Any CPU.ActiveCfg = Release|Any CPU
		{7D37DBD4-8601-4A36-979A-9A8F0FDE8CF3}.Release|Any CPU.Build.0 = Release|Any CPU
	EndGlobalSection
	GlobalSection(SolutionProperties) = preSolution
		HideSolutionNode = FALSE
	EndGlobalSection
	GlobalSection(ExtensibilityGlobals) = postSolution
		SolutionGuid = {AE53EB1B-4B77-45FC-9983-7C916DA9A0FC}
	EndGlobalSection
EndGlobal
